// !$*UTF8*$!
{
	archiveVersion = 1;
	classes = {
	};
	objectVersion = 56;
	objects = {

/* Begin PBXBuildFile section */
		9F66ABEB29A286D800160119 /* VideoTableViewCell.swift in Sources */ = {isa = PBXBuildFile; fileRef = 9F66ABEA29A286D800160119 /* VideoTableViewCell.swift */; };
		9FA0390F29A3E1520073215B /* MainViewController.swift in Sources */ = {isa = PBXBuildFile; fileRef = 9FA0390E29A3E1520073215B /* MainViewController.swift */; };
		9FCD261129A1F8EB00BE1E93 /* AppDelegate.swift in Sources */ = {isa = PBXBuildFile; fileRef = 9FCD261029A1F8EB00BE1E93 /* AppDelegate.swift */; };
		9FCD261329A1F8EB00BE1E93 /* SceneDelegate.swift in Sources */ = {isa = PBXBuildFile; fileRef = 9FCD261229A1F8EB00BE1E93 /* SceneDelegate.swift */; };
		9FCD261529A1F8EB00BE1E93 /* ViewController.swift in Sources */ = {isa = PBXBuildFile; fileRef = 9FCD261429A1F8EB00BE1E93 /* ViewController.swift */; };
		9FCD261829A1F8EB00BE1E93 /* Main.storyboard in Resources */ = {isa = PBXBuildFile; fileRef = 9FCD261629A1F8EB00BE1E93 /* Main.storyboard */; };
		9FCD261A29A1F8EC00BE1E93 /* Assets.xcassets in Resources */ = {isa = PBXBuildFile; fileRef = 9FCD261929A1F8EC00BE1E93 /* Assets.xcassets */; };
		9FCD261D29A1F8EC00BE1E93 /* LaunchScreen.storyboard in Resources */ = {isa = PBXBuildFile; fileRef = 9FCD261B29A1F8EC00BE1E93 /* LaunchScreen.storyboard */; };
		C8F708B5DCDA7DB2600FB180 /* Pods_Tiktok.framework in Frameworks */ = {isa = PBXBuildFile; fileRef = 6D7146767E0212E889573E3B /* Pods_Tiktok.framework */; };
/* End PBXBuildFile section */

/* Begin PBXFileReference section */
		1EF3F3C0381EA61A4032D97F /* Pods-Tiktok.debug.xcconfig */ = {isa = PBXFileReference; includeInIndex = 1; lastKnownFileType = text.xcconfig; name = "Pods-Tiktok.debug.xcconfig"; path = "Target Support Files/Pods-Tiktok/Pods-Tiktok.debug.xcconfig"; sourceTree = "<group>"; };
		6D7146767E0212E889573E3B /* Pods_Tiktok.framework */ = {isa = PBXFileReference; explicitFileType = wrapper.framework; includeInIndex = 0; path = Pods_Tiktok.framework; sourceTree = BUILT_PRODUCTS_DIR; };
		82A0956B04AC56497B108359 /* Pods-Tiktok.release.xcconfig */ = {isa = PBXFileReference; includeInIndex = 1; lastKnownFileType = text.xcconfig; name = "Pods-Tiktok.release.xcconfig"; path = "Target Support Files/Pods-Tiktok/Pods-Tiktok.release.xcconfig"; sourceTree = "<group>"; };
		9F66ABEA29A286D800160119 /* VideoTableViewCell.swift */ = {isa = PBXFileReference; lastKnownFileType = sourcecode.swift; path = VideoTableViewCell.swift; sourceTree = "<group>"; };
		9FA0390E29A3E1520073215B /* MainViewController.swift */ = {isa = PBXFileReference; lastKnownFileType = sourcecode.swift; path = MainViewController.swift; sourceTree = "<group>"; };
		9FCD260D29A1F8EB00BE1E93 /* Tiktok.app */ = {isa = PBXFileReference; explicitFileType = wrapper.application; includeInIndex = 0; path = Tiktok.app; sourceTree = BUILT_PRODUCTS_DIR; };
		9FCD261029A1F8EB00BE1E93 /* AppDelegate.swift */ = {isa = PBXFileReference; lastKnownFileType = sourcecode.swift; path = AppDelegate.swift; sourceTree = "<group>"; };
		9FCD261229A1F8EB00BE1E93 /* SceneDelegate.swift */ = {isa = PBXFileReference; lastKnownFileType = sourcecode.swift; path = SceneDelegate.swift; sourceTree = "<group>"; };
		9FCD261429A1F8EB00BE1E93 /* ViewController.swift */ = {isa = PBXFileReference; lastKnownFileType = sourcecode.swift; path = ViewController.swift; sourceTree = "<group>"; };
		9FCD261729A1F8EB00BE1E93 /* Base */ = {isa = PBXFileReference; lastKnownFileType = file.storyboard; name = Base; path = Base.lproj/Main.storyboard; sourceTree = "<group>"; };
		9FCD261929A1F8EC00BE1E93 /* Assets.xcassets */ = {isa = PBXFileReference; lastKnownFileType = folder.assetcatalog; path = Assets.xcassets; sourceTree = "<group>"; };
		9FCD261C29A1F8EC00BE1E93 /* Base */ = {isa = PBXFileReference; lastKnownFileType = file.storyboard; name = Base; path = Base.lproj/LaunchScreen.storyboard; sourceTree = "<group>"; };
		9FCD261E29A1F8EC00BE1E93 /* Info.plist */ = {isa = PBXFileReference; lastKnownFileType = text.plist.xml; path = Info.plist; sourceTree = "<group>"; };
/* End PBXFileReference section */

/* Begin PBXFrameworksBuildPhase section */
		9FCD260A29A1F8EA00BE1E93 /* Frameworks */ = {
			isa = PBXFrameworksBuildPhase;
			buildActionMask = 2147483647;
			files = (
				C8F708B5DCDA7DB2600FB180 /* Pods_Tiktok.framework in Frameworks */,
			);
			runOnlyForDeploymentPostprocessing = 0;
		};
/* End PBXFrameworksBuildPhase section */

/* Begin PBXGroup section */
		12F3EDFE68D01D902CAD5BD3 /* Pods */ = {
			isa = PBXGroup;
			children = (
				1EF3F3C0381EA61A4032D97F /* Pods-Tiktok.debug.xcconfig */,
				82A0956B04AC56497B108359 /* Pods-Tiktok.release.xcconfig */,
			);
			path = Pods;
			sourceTree = "<group>";
		};
		2F1A3C606F133B3590A5BB90 /* Frameworks */ = {
			isa = PBXGroup;
			children = (
				6D7146767E0212E889573E3B /* Pods_Tiktok.framework */,
			);
			name = Frameworks;
			sourceTree = "<group>";
		};
		9FCD260429A1F8EA00BE1E93 = {
			isa = PBXGroup;
			children = (
				9FCD260F29A1F8EB00BE1E93 /* Tiktok */,
				9FCD260E29A1F8EB00BE1E93 /* Products */,
				12F3EDFE68D01D902CAD5BD3 /* Pods */,
				2F1A3C606F133B3590A5BB90 /* Frameworks */,
			);
			sourceTree = "<group>";
		};
		9FCD260E29A1F8EB00BE1E93 /* Products */ = {
			isa = PBXGroup;
			children = (
				9FCD260D29A1F8EB00BE1E93 /* Tiktok.app */,
			);
			name = Products;
			sourceTree = "<group>";
		};
		9FCD260F29A1F8EB00BE1E93 /* Tiktok */ = {
			isa = PBXGroup;
			children = (
				9FCD261029A1F8EB00BE1E93 /* AppDelegate.swift */,
				9FCD261229A1F8EB00BE1E93 /* SceneDelegate.swift */,
				9FCD261429A1F8EB00BE1E93 /* ViewController.swift */,
				9FCD261629A1F8EB00BE1E93 /* Main.storyboard */,
				9FCD261929A1F8EC00BE1E93 /* Assets.xcassets */,
				9FCD261B29A1F8EC00BE1E93 /* LaunchScreen.storyboard */,
				9FCD261E29A1F8EC00BE1E93 /* Info.plist */,
				9F66ABEA29A286D800160119 /* VideoTableViewCell.swift */,
				9FA0390E29A3E1520073215B /* MainViewController.swift */,
			);
			path = Tiktok;
			sourceTree = "<group>";
		};
/* End PBXGroup section */

/* Begin PBXNativeTarget section */
		9FCD260C29A1F8EA00BE1E93 /* Tiktok */ = {
			isa = PBXNativeTarget;
			buildConfigurationList = 9FCD262129A1F8EC00BE1E93 /* Build configuration list for PBXNativeTarget "Tiktok" */;
			buildPhases = (
				BEE93F6A08A854E5AF85B8DF /* [CP] Check Pods Manifest.lock */,
				9FCD260929A1F8EA00BE1E93 /* Sources */,
				9FCD260A29A1F8EA00BE1E93 /* Frameworks */,
				9FCD260B29A1F8EA00BE1E93 /* Resources */,
				779DECEDDEB1EDEEAC1FF0F2 /* [CP] Embed Pods Frameworks */,
			);
			buildRules = (
			);
			dependencies = (
			);
			name = Tiktok;
			productName = Tiktok;
			productReference = 9FCD260D29A1F8EB00BE1E93 /* Tiktok.app */;
			productType = "com.apple.product-type.application";
		};
/* End PBXNativeTarget section */

/* Begin PBXProject section */
		9FCD260529A1F8EA00BE1E93 /* Project object */ = {
			isa = PBXProject;
			attributes = {
				BuildIndependentTargetsInParallel = 1;
				LastSwiftUpdateCheck = 1420;
				LastUpgradeCheck = 1420;
				TargetAttributes = {
					9FCD260C29A1F8EA00BE1E93 = {
						CreatedOnToolsVersion = 14.2;
					};
				};
			};
			buildConfigurationList = 9FCD260829A1F8EA00BE1E93 /* Build configuration list for PBXProject "Tiktok" */;
			compatibilityVersion = "Xcode 14.0";
			developmentRegion = en;
			hasScannedForEncodings = 0;
			knownRegions = (
				en,
				Base,
			);
			mainGroup = 9FCD260429A1F8EA00BE1E93;
			productRefGroup = 9FCD260E29A1F8EB00BE1E93 /* Products */;
			projectDirPath = "";
			projectRoot = "";
			targets = (
				9FCD260C29A1F8EA00BE1E93 /* Tiktok */,
			);
		};
/* End PBXProject section */

/* Begin PBXResourcesBuildPhase section */
		9FCD260B29A1F8EA00BE1E93 /* Resources */ = {
			isa = PBXResourcesBuildPhase;
			buildActionMask = 2147483647;
			files = (
				9FCD261D29A1F8EC00BE1E93 /* LaunchScreen.storyboard in Resources */,
				9FCD261A29A1F8EC00BE1E93 /* Assets.xcassets in Resources */,
				9FCD261829A1F8EB00BE1E93 /* Main.storyboard in Resources */,
			);
			runOnlyForDeploymentPostprocessing = 0;
		};
/* End PBXResourcesBuildPhase section */

/* Begin PBXShellScriptBuildPhase section */
		779DECEDDEB1EDEEAC1FF0F2 /* [CP] Embed Pods Frameworks */ = {
			isa = PBXShellScriptBuildPhase;
			buildActionMask = 2147483647;
			files = (
			);
			inputFileListPaths = (
				"${PODS_ROOT}/Target Support Files/Pods-Tiktok/Pods-Tiktok-frameworks-${CONFIGURATION}-input-files.xcfilelist",
			);
			name = "[CP] Embed Pods Frameworks";
			outputFileListPaths = (
				"${PODS_ROOT}/Target Support Files/Pods-Tiktok/Pods-Tiktok-frameworks-${CONFIGURATION}-output-files.xcfilelist",
			);
			runOnlyForDeploymentPostprocessing = 0;
			shellPath = /bin/sh;
			shellScript = "\"${PODS_ROOT}/Target Support Files/Pods-Tiktok/Pods-Tiktok-frameworks.sh\"\n";
			showEnvVarsInLog = 0;
		};
		BEE93F6A08A854E5AF85B8DF /* [CP] Check Pods Manifest.lock */ = {
			isa = PBXShellScriptBuildPhase;
			buildActionMask = 2147483647;
			files = (
			);
			inputFileListPaths = (
			);
			inputPaths = (
				"${PODS_PODFILE_DIR_PATH}/Podfile.lock",
				"${PODS_ROOT}/Manifest.lock",
			);
			name = "[CP] Check Pods Manifest.lock";
			outputFileListPaths = (
			);
			outputPaths = (
				"$(DERIVED_FILE_DIR)/Pods-Tiktok-checkManifestLockResult.txt",
			);
			runOnlyForDeploymentPostprocessing = 0;
			shellPath = /bin/sh;
			shellScript = "diff \"${PODS_PODFILE_DIR_PATH}/Podfile.lock\" \"${PODS_ROOT}/Manifest.lock\" > /dev/null\nif [ $? != 0 ] ; then\n    # print error to STDERR\n    echo \"error: The sandbox is not in sync with the Podfile.lock. Run 'pod install' or update your CocoaPods installation.\" >&2\n    exit 1\nfi\n# This output is used by Xcode 'outputs' to avoid re-running this script phase.\necho \"SUCCESS\" > \"${SCRIPT_OUTPUT_FILE_0}\"\n";
			showEnvVarsInLog = 0;
		};
/* End PBXShellScriptBuildPhase section */

/* Begin PBXSourcesBuildPhase section */
		9FCD260929A1F8EA00BE1E93 /* Sources */ = {
			isa = PBXSourcesBuildPhase;
			buildActionMask = 2147483647;
			files = (
				9FCD261529A1F8EB00BE1E93 /* ViewController.swift in Sources */,
				9F66ABEB29A286D800160119 /* VideoTableViewCell.swift in Sources */,
				9FCD261129A1F8EB00BE1E93 /* AppDelegate.swift in Sources */,
				9FCD261329A1F8EB00BE1E93 /* SceneDelegate.swift in Sources */,
				9FA0390F29A3E1520073215B /* MainViewController.swift in Sources */,
			);
			runOnlyForDeploymentPostprocessing = 0;
		};
/* End PBXSourcesBuildPhase section */

/* Begin PBXVariantGroup section */
		9FCD261629A1F8EB00BE1E93 /* Main.storyboard */ = {
			isa = PBXVariantGroup;
			children = (
				9FCD261729A1F8EB00BE1E93 /* Base */,
			);
			name = Main.storyboard;
			sourceTree = "<group>";
		};
		9FCD261B29A1F8EC00BE1E93 /* LaunchScreen.storyboard */ = {
			isa = PBXVariantGroup;
			children = (
				9FCD261C29A1F8EC00BE1E93 /* Base */,
			);
			name = LaunchScreen.storyboard;
			sourceTree = "<group>";
		};
/* End PBXVariantGroup section */

/* Begin XCBuildConfiguration section */
		9FCD261F29A1F8EC00BE1E93 /* Debug */ = {
			isa = XCBuildConfiguration;
			buildSettings = {
				ALWAYS_SEARCH_USER_PATHS = NO;
				CLANG_ANALYZER_NONNULL = YES;
				CLANG_ANALYZER_NUMBER_OBJECT_CONVERSION = YES_AGGRESSIVE;
				CLANG_CXX_LANGUAGE_STANDARD = "gnu++20";
				CLANG_ENABLE_MODULES = YES;
				CLANG_ENABLE_OBJC_ARC = YES;
				CLANG_ENABLE_OBJC_WEAK = YES;
				CLANG_WARN_BLOCK_CAPTURE_AUTORELEASING = YES;
				CLANG_WARN_BOOL_CONVERSION = YES;
				CLANG_WARN_COMMA = YES;
				CLANG_WARN_CONSTANT_CONVERSION = YES;
				CLANG_WARN_DEPRECATED_OBJC_IMPLEMENTATIONS = YES;
				CLANG_WARN_DIRECT_OBJC_ISA_USAGE = YES_ERROR;
				CLANG_WARN_DOCUMENTATION_COMMENTS = YES;
				CLANG_WARN_EMPTY_BODY = YES;
				CLANG_WARN_ENUM_CONVERSION = YES;
				CLANG_WARN_INFINITE_RECURSION = YES;
				CLANG_WARN_INT_CONVERSION = YES;
				CLANG_WARN_NON_LITERAL_NULL_CONVERSION = YES;
				CLANG_WARN_OBJC_IMPLICIT_RETAIN_SELF = YES;
				CLANG_WARN_OBJC_LITERAL_CONVERSION = YES;
				CLANG_WARN_OBJC_ROOT_CLASS = YES_ERROR;
				CLANG_WARN_QUOTED_INCLUDE_IN_FRAMEWORK_HEADER = YES;
				CLANG_WARN_RANGE_LOOP_ANALYSIS = YES;
				CLANG_WARN_STRICT_PROTOTYPES = YES;
				CLANG_WARN_SUSPICIOUS_MOVE = YES;
				CLANG_WARN_UNGUARDED_AVAILABILITY = YES_AGGRESSIVE;
				CLANG_WARN_UNREACHABLE_CODE = YES;
				CLANG_WARN__DUPLICATE_METHOD_MATCH = YES;
				COPY_PHASE_STRIP = NO;
				DEBUG_INFORMATION_FORMAT = dwarf;
				ENABLE_STRICT_OBJC_MSGSEND = YES;
				ENABLE_TESTABILITY = YES;
				GCC_C_LANGUAGE_STANDARD = gnu11;
				GCC_DYNAMIC_NO_PIC = NO;
				GCC_NO_COMMON_BLOCKS = YES;
				GCC_OPTIMIZATION_LEVEL = 0;
				GCC_PREPROCESSOR_DEFINITIONS = (
					"DEBUG=1",
					"$(inherited)",
				);
				GCC_WARN_64_TO_32_BIT_CONVERSION = YES;
				GCC_WARN_ABOUT_RETURN_TYPE = YES_ERROR;
				GCC_WARN_UNDECLARED_SELECTOR = YES;
				GCC_WARN_UNINITIALIZED_AUTOS = YES_AGGRESSIVE;
				GCC_WARN_UNUSED_FUNCTION = YES;
				GCC_WARN_UNUSED_VARIABLE = YES;
				IPHONEOS_DEPLOYMENT_TARGET = 16.0;
				MTL_ENABLE_DEBUG_INFO = INCLUDE_SOURCE;
				MTL_FAST_MATH = YES;
				ONLY_ACTIVE_ARCH = YES;
				SDKROOT = iphoneos;
				SWIFT_ACTIVE_COMPILATION_CONDITIONS = DEBUG;
				SWIFT_OPTIMIZATION_LEVEL = "-Onone";
			};
			name = Debug;
		};
		9FCD262029A1F8EC00BE1E93 /* Release */ = {
			isa = XCBuildConfiguration;
			buildSettings = {
				ALWAYS_SEARCH_USER_PATHS = NO;
				CLANG_ANALYZER_NONNULL = YES;
				CLANG_ANALYZER_NUMBER_OBJECT_CONVERSION = YES_AGGRESSIVE;
				CLANG_CXX_LANGUAGE_STANDARD = "gnu++20";
				CLANG_ENABLE_MODULES = YES;
				CLANG_ENABLE_OBJC_ARC = YES;
				CLANG_ENABLE_OBJC_WEAK = YES;
				CLANG_WARN_BLOCK_CAPTURE_AUTORELEASING = YES;
				CLANG_WARN_BOOL_CONVERSION = YES;
				CLANG_WARN_COMMA = YES;
				CLANG_WARN_CONSTANT_CONVERSION = YES;
				CLANG_WARN_DEPRECATED_OBJC_IMPLEMENTATIONS = YES;
				CLANG_WARN_DIRECT_OBJC_ISA_USAGE = YES_ERROR;
				CLANG_WARN_DOCUMENTATION_COMMENTS = YES;
				CLANG_WARN_EMPTY_BODY = YES;
				CLANG_WARN_ENUM_CONVERSION = YES;
				CLANG_WARN_INFINITE_RECURSION = YES;
				CLANG_WARN_INT_CONVERSION = YES;
				CLANG_WARN_NON_LITERAL_NULL_CONVERSION = YES;
				CLANG_WARN_OBJC_IMPLICIT_RETAIN_SELF = YES;
				CLANG_WARN_OBJC_LITERAL_CONVERSION = YES;
				CLANG_WARN_OBJC_ROOT_CLASS = YES_ERROR;
				CLANG_WARN_QUOTED_INCLUDE_IN_FRAMEWORK_HEADER = YES;
				CLANG_WARN_RANGE_LOOP_ANALYSIS = YES;
				CLANG_WARN_STRICT_PROTOTYPES = YES;
				CLANG_WARN_SUSPICIOUS_MOVE = YES;
				CLANG_WARN_UNGUARDED_AVAILABILITY = YES_AGGRESSIVE;
				CLANG_WARN_UNREACHABLE_CODE = YES;
				CLANG_WARN__DUPLICATE_METHOD_MATCH = YES;
				COPY_PHASE_STRIP = NO;
				DEBUG_INFORMATION_FORMAT = "dwarf-with-dsym";
				ENABLE_NS_ASSERTIONS = NO;
				ENABLE_STRICT_OBJC_MSGSEND = YES;
				GCC_C_LANGUAGE_STANDARD = gnu11;
				GCC_NO_COMMON_BLOCKS = YES;
				GCC_WARN_64_TO_32_BIT_CONVERSION = YES;
				GCC_WARN_ABOUT_RETURN_TYPE = YES_ERROR;
				GCC_WARN_UNDECLARED_SELECTOR = YES;
				GCC_WARN_UNINITIALIZED_AUTOS = YES_AGGRESSIVE;
				GCC_WARN_UNUSED_FUNCTION = YES;
				GCC_WARN_UNUSED_VARIABLE = YES;
				IPHONEOS_DEPLOYMENT_TARGET = 16.0;
				MTL_ENABLE_DEBUG_INFO = NO;
				MTL_FAST_MATH = YES;
				SDKROOT = iphoneos;
				SWIFT_COMPILATION_MODE = wholemodule;
				SWIFT_OPTIMIZATION_LEVEL = "-O";
				VALIDATE_PRODUCT = YES;
			};
			name = Release;
		};
		9FCD262229A1F8EC00BE1E93 /* Debug */ = {
			isa = XCBuildConfiguration;
			baseConfigurationReference = 1EF3F3C0381EA61A4032D97F /* Pods-Tiktok.debug.xcconfig */;
			buildSettings = {
				ASSETCATALOG_COMPILER_APPICON_NAME = AppIcon;
				ASSETCATALOG_COMPILER_GLOBAL_ACCENT_COLOR_NAME = AccentColor;
				CODE_SIGN_STYLE = Automatic;
				CURRENT_PROJECT_VERSION = 1;
				DEVELOPMENT_TEAM = 887WN37U7R;
				GENERATE_INFOPLIST_FILE = YES;
				INFOPLIST_FILE = Tiktok/Info.plist;
				INFOPLIST_KEY_UIApplicationSupportsIndirectInputEvents = YES;
				INFOPLIST_KEY_UILaunchStoryboardName = LaunchScreen;
				INFOPLIST_KEY_UIMainStoryboardFile = Main;
				INFOPLIST_KEY_UISupportedInterfaceOrientations_iPad = "UIInterfaceOrientationPortrait UIInterfaceOrientationPortraitUpsideDown UIInterfaceOrientationLandscapeLeft UIInterfaceOrientationLandscapeRight";
				INFOPLIST_KEY_UISupportedInterfaceOrientations_iPhone = "UIInterfaceOrientationPortrait UIInterfaceOrientationLandscapeLeft UIInterfaceOrientationLandscapeRight";
				IPHONEOS_DEPLOYMENT_TARGET = 16.0;
				LD_RUNPATH_SEARCH_PATHS = (
					"$(inherited)",
					"@executable_path/Frameworks",
				);
				MARKETING_VERSION = 1.0;
				PRODUCT_BUNDLE_IDENTIFIER = com.test.Tiktok;
				PRODUCT_NAME = "$(TARGET_NAME)";
				SUPPORTED_PLATFORMS = "iphoneos iphonesimulator";
				SUPPORTS_MACCATALYST = NO;
				SUPPORTS_MAC_DESIGNED_FOR_IPHONE_IPAD = NO;
				SWIFT_EMIT_LOC_STRINGS = YES;
				SWIFT_VERSION = 5.0;
				TARGETED_DEVICE_FAMILY = 1;
			};
			name = Debug;
		};
		9FCD262329A1F8EC00BE1E93 /* Release */ = {
			isa = XCBuildConfiguration;
			baseConfigurationReference = 82A0956B04AC56497B108359 /* Pods-Tiktok.release.xcconfig */;
			buildSettings = {
				ASSETCATALOG_COMPILER_APPICON_NAME = AppIcon;
				ASSETCATALOG_COMPILER_GLOBAL_ACCENT_COLOR_NAME = AccentColor;
				CODE_SIGN_STYLE = Automatic;
				CURRENT_PROJECT_VERSION = 1;
				DEVELOPMENT_TEAM = 887WN37U7R;
				GENERATE_INFOPLIST_FILE = YES;
				INFOPLIST_FILE = Tiktok/Info.plist;
				INFOPLIST_KEY_UIApplicationSupportsIndirectInputEvents = YES;
				INFOPLIST_KEY_UILaunchStoryboardName = LaunchScreen;
				INFOPLIST_KEY_UIMainStoryboardFile = Main;
				INFOPLIST_KEY_UISupportedInterfaceOrientations_iPad = "UIInterfaceOrientationPortrait UIInterfaceOrientationPortraitUpsideDown UIInterfaceOrientationLandscapeLeft UIInterfaceOrientationLandscapeRight";
				INFOPLIST_KEY_UISupportedInterfaceOrientations_iPhone = "UIInterfaceOrientationPortrait UIInterfaceOrientationLandscapeLeft UIInterfaceOrientationLandscapeRight";
				IPHONEOS_DEPLOYMENT_TARGET = 16.0;
				LD_RUNPATH_SEARCH_PATHS = (
					"$(inherited)",
					"@executable_path/Frameworks",
				);
				MARKETING_VERSION = 1.0;
				PRODUCT_BUNDLE_IDENTIFIER = com.test.Tiktok;
				PRODUCT_NAME = "$(TARGET_NAME)";
				SUPPORTED_PLATFORMS = "iphoneos iphonesimulator";
				SUPPORTS_MACCATALYST = NO;
				SUPPORTS_MAC_DESIGNED_FOR_IPHONE_IPAD = NO;
				SWIFT_EMIT_LOC_STRINGS = YES;
				SWIFT_VERSION = 5.0;
				TARGETED_DEVICE_FAMILY = 1;
			};
			name = Release;
		};
/* End XCBuildConfiguration section */

/* Begin XCConfigurationList section */
		9FCD260829A1F8EA00BE1E93 /* Build configuration list for PBXProject "Tiktok" */ = {
			isa = XCConfigurationList;
			buildConfigurations = (
				9FCD261F29A1F8EC00BE1E93 /* Debug */,
				9FCD262029A1F8EC00BE1E93 /* Release */,
			);
			defaultConfigurationIsVisible = 0;
			defaultConfigurationName = Release;
		};
		9FCD262129A1F8EC00BE1E93 /* Build configuration list for PBXNativeTarget "Tiktok" */ = {
			isa = XCConfigurationList;
			buildConfigurations = (
				9FCD262229A1F8EC00BE1E93 /* Debug */,
				9FCD262329A1F8EC00BE1E93 /* Release */,
			);
			defaultConfigurationIsVisible = 0;
			defaultConfigurationName = Release;
		};
/* End XCConfigurationList section */
	};
	rootObject = 9FCD260529A1F8EA00BE1E93 /* Project object */;
}
